
Microsoft Visual Studio Solution File, Format Version 12.00
# Visual Studio Version 17
VisualStudioVersion = 17.0.31903.59
MinimumVisualStudioVersion = 10.0.40219.1
Project("{FAE04EC0-301F-11D3-BF4B-00C04F79EFBC}") = "MidiDump", "MidiDump\MidiDump.csproj", "{D7BFB85E-CEFD-4FE6-AE81-029427100060}"
EndProject
Global
	GlobalSection(SolutionConfigurationPlatforms) = preSolution
		Debug|Any CPU = Debug|Any CPU
		Release|Any CPU = Release|Any CPU
	EndGlobalSection
	GlobalSection(SolutionProperties) = preSolution
		HideSolutionNode = FALSE
	EndGlobalSection
	GlobalSection(ProjectConfigurationPlatforms) = postSolution
		{D7BFB85E-CEFD-4FE6-AE81-029427100060}.Debug|Any CPU.ActiveCfg = Debug|Any CPU
		{D7BFB85E-CEFD-4FE6-AE81-029427100060}.Debug|Any CPU.Build.0 = Debug|Any CPU
		{D7BFB85E-CEFD-4FE6-AE81-029427100060}.Release|Any CPU.ActiveCfg = Release|Any CPU
		{D7BFB85E-CEFD-4FE6-AE81-029427100060}.Release|Any CPU.Build.0 = Release|Any CPU
	EndGlobalSection
EndGlobal
